
Microsoft Visual Studio Solution File, Format Version 12.00
# Visual Studio Version 16
VisualStudioVersion = 16.0.31410.357
MinimumVisualStudioVersion = 10.0.40219.1
Project("{FAE04EC0-301F-11D3-BF4B-00C04F79EFBC}") = "FoodDelivery", "FoodDelivery.csproj", "{24FD311F-C68A-4EA1-8D35-25AC8F1D674F}"
EndProject
Global
	GlobalSection(SolutionConfigurationPlatforms) = preSolution
		Debug|Any CPU = Debug|Any CPU
		Release|Any CPU = Release|Any CPU
	EndGlobalSection
	GlobalSection(ProjectConfigurationPlatforms) = postSolution
		{24FD311F-C68A-4EA1-8D35-25AC8F1D674F}.Debug|Any CPU.ActiveCfg = Debug|Any CPU
		{24FD311F-C68A-4EA1-8D35-25AC8F1D674F}.Debug|Any CPU.Build.0 = Debug|Any CPU
		{24FD311F-C68A-4EA1-8D35-25AC8F1D674F}.Release|Any CPU.ActiveCfg = Release|Any CPU
		{24FD311F-C68A-4EA1-8D35-25AC8F1D674F}.Release|Any CPU.Build.0 = Release|Any CPU
	EndGlobalSection
	GlobalSection(SolutionProperties) = preSolution
		HideSolutionNode = FALSE
	EndGlobalSection
	GlobalSection(ExtensibilityGlobals) = postSolution
		SolutionGuid = {CB8C7AD8-C792-45A9-8EAF-3DC048D4A5E6}
	EndGlobalSection
EndGlobal
